
Microsoft Visual Studio Solution File, Format Version 12.00
# Visual Studio Version 16
VisualStudioVersion = 16.0.30114.105
MinimumVisualStudioVersion = 10.0.40219.1
Project("{FAE04EC0-301F-11D3-BF4B-00C04F79EFBC}") = "BUnitWithRadzenCheckbox", "BUnitWithRadzenCheckbox\BUnitWithRadzenCheckbox.csproj", "{E2162423-F90C-4AAE-A8A1-D3963AF90F6A}"
EndProject
Project("{FAE04EC0-301F-11D3-BF4B-00C04F79EFBC}") = "BUnitWithRadzenCheckbox.Tests", "BUnitWithRadzenCheckbox.Tests\BUnitWithRadzenCheckbox.Tests.csproj", "{7059A6DC-F356-4AE4-BD3E-0985DAA8C802}"
EndProject
Global
	GlobalSection(SolutionConfigurationPlatforms) = preSolution
		Debug|Any CPU = Debug|Any CPU
		Release|Any CPU = Release|Any CPU
	EndGlobalSection
	GlobalSection(ProjectConfigurationPlatforms) = postSolution
		{E2162423-F90C-4AAE-A8A1-D3963AF90F6A}.Debug|Any CPU.ActiveCfg = Debug|Any CPU
		{E2162423-F90C-4AAE-A8A1-D3963AF90F6A}.Debug|Any CPU.Build.0 = Debug|Any CPU
		{E2162423-F90C-4AAE-A8A1-D3963AF90F6A}.Release|Any CPU.ActiveCfg = Release|Any CPU
		{E2162423-F90C-4AAE-A8A1-D3963AF90F6A}.Release|Any CPU.Build.0 = Release|Any CPU
		{7059A6DC-F356-4AE4-BD3E-0985DAA8C802}.Debug|Any CPU.ActiveCfg = Debug|Any CPU
		{7059A6DC-F356-4AE4-BD3E-0985DAA8C802}.Debug|Any CPU.Build.0 = Debug|Any CPU
		{7059A6DC-F356-4AE4-BD3E-0985DAA8C802}.Release|Any CPU.ActiveCfg = Release|Any CPU
		{7059A6DC-F356-4AE4-BD3E-0985DAA8C802}.Release|Any CPU.Build.0 = Release|Any CPU
	EndGlobalSection
	GlobalSection(SolutionProperties) = preSolution
		HideSolutionNode = FALSE
	EndGlobalSection
	GlobalSection(ExtensibilityGlobals) = postSolution
		SolutionGuid = {D0DE3620-235F-429D-A2C6-685BAF0E717E}
	EndGlobalSection
EndGlobal
